GEM
  remote: https://rubygems.org/
  specs:
    base64 (0.3.0)
    csv (3.3.5)
    io-console (0.8.2)
    logger (1.7.0)
    nokogiri (1.19.3-aarch64-linux-gnu)
      racc (~> 1.4)
    nokogiri (1.19.3-aarch64-linux-musl)
      racc (~> 1.4)
    nokogiri (1.19.3-arm-linux-gnu)
      racc (~> 1.4)
    nokogiri (1.19.3-arm-linux-musl)
      racc (~> 1.4)
    nokogiri (1.19.3-arm64-darwin)
      racc (~> 1.4)
    nokogiri (1.19.3-x86_64-darwin)
      racc (~> 1.4)
    nokogiri (1.19.3-x86_64-linux-gnu)
      racc (~> 1.4)
    nokogiri (1.19.3-x86_64-linux-musl)
      racc (~> 1.4)
    racc (1.8.1)
    reline (0.6.3)
      io-console (~> 0.5)
    roo (3.0.0)
      base64 (~> 0.2)
      csv (~> 3)
      logger (~> 1)
      nokogiri (~> 1)
      rubyzip (>= 3.0.0, < 4.0.0)
    rubyzip (3.3.1)
    terminal-table (4.0.0)
      unicode-display_width (>= 1.1.1, < 4)
    thor (1.5.0)
    unicode-display_width (3.2.0)
      unicode-emoji (~> 4.1)
    unicode-emoji (4.2.0)

PLATFORMS
  aarch64-linux-gnu
  aarch64-linux-musl
  arm-linux-gnu
  arm-linux-musl
  arm64-darwin
  x86_64-darwin
  x86_64-linux-gnu
  x86_64-linux-musl

DEPENDENCIES
  reline (~> 0.6)
  roo (~> 3.0)
  rubyzip (~> 3.3)
  terminal-table (~> 4.0)
  thor (~> 1.5)

RUBY VERSION
   ruby 3.4.7p58

BUNDLED WITH
   2.6.9
